// !$*UTF8*$!
{
	archiveVersion = 1;
	classes = {
	};
	objectVersion = 46;
	objects = {

/* Begin PBXBuildFile section */
		50A89E781D41AB7200657598 /* AppDelegate.swift in Sources */ = {isa = PBXBuildFile; fileRef = 50A89E771D41AB7200657598 /* AppDelegate.swift */; };
		50A89E7A1D41AB7200657598 /* ViewController.swift in Sources */ = {isa = PBXBuildFile; fileRef = 50A89E791D41AB7200657598 /* ViewController.swift */; };
		50A89E7D1D41AB7200657598 /* Main.storyboard in Resources */ = {isa = PBXBuildFile; fileRef = 50A89E7B1D41AB7200657598 /* Main.storyboard */; };
		50A89E7F1D41AB7200657598 /* Assets.xcassets in Resources */ = {isa = PBXBuildFile; fileRef = 50A89E7E1D41AB7200657598 /* Assets.xcassets */; };
		50A89E821D41AB7200657598 /* LaunchScreen.storyboard in Resources */ = {isa = PBXBuildFile; fileRef = 50A89E801D41AB7200657598 /* LaunchScreen.storyboard */; };
/* End PBXBuildFile section */

/* Begin PBXFileReference section */
		50A89E741D41AB7200657598 /* AddAgent.app */ = {isa = PBXFileReference; explicitFileType = wrapper.application; includeInIndex = 0; path = AddAgent.app; sourceTree = BUILT_PRODUCTS_DIR; };
		50A89E771D41AB7200657598 /* AppDelegate.swift */ = {isa = PBXFileReference; lastKnownFileType = sourcecode.swift; path = AppDelegate.swift; sourceTree = "<group>"; };
		50A89E791D41AB7200657598 /* ViewController.swift */ = {isa = PBXFileReference; lastKnownFileType = sourcecode.swift; path = ViewController.swift; sourceTree = "<group>"; };
		50A89E7C1D41AB7200657598 /* Base */ = {isa = PBXFileReference; lastKnownFileType = file.storyboard; name = Base; path = Base.lproj/Main.storyboard; sourceTree = "<group>"; };
		50A89E7E1D41AB7200657598 /* Assets.xcassets */ = {isa = PBXFileReference; lastKnownFileType = folder.assetcatalog; path = Assets.xcassets; sourceTree = "<group>"; };
		50A89E811D41AB7200657598 /* Base */ = {isa = PBXFileReference; lastKnownFileType = file.storyboard; name = Base; path = Base.lproj/LaunchScreen.storyboard; sourceTree = "<group>"; };
		50A89E831D41AB7200657598 /* Info.plist */ = {isa = PBXFileReference; lastKnownFileType = text.plist.xml; path = Info.plist; sourceTree = "<group>"; };
/* End PBXFileReference section */

/* Begin PBXFrameworksBuildPhase section */
		50A89E711D41AB7200657598 /* Frameworks */ = {
			isa = PBXFrameworksBuildPhase;
			buildActionMask = 2147483647;
			files = (
			);
			runOnlyForDeploymentPostprocessing = 0;
		};
/* End PBXFrameworksBuildPhase section */

/* Begin PBXGroup section */
		50A89E6B1D41AB7200657598 = {
			isa = PBXGroup;
			children = (
				50A89E761D41AB7200657598 /* AddAgent */,
				50A89E751D41AB7200657598 /* Products */,
			);
			sourceTree = "<group>";
		};
		50A89E751D41AB7200657598 /* Products */ = {
			isa = PBXGroup;
			children = (
				50A89E741D41AB7200657598 /* AddAgent.app */,
			);
			name = Products;
			sourceTree = "<group>";
		};
		50A89E761D41AB7200657598 /* AddAgent */ = {
			isa = PBXGroup;
			children = (
				50A89E771D41AB7200657598 /* AppDelegate.swift */,
				50A89E791D41AB7200657598 /* ViewController.swift */,
				50A89E7B1D41AB7200657598 /* Main.storyboard */,
				50A89E7E1D41AB7200657598 /* Assets.xcassets */,
				50A89E801D41AB7200657598 /* LaunchScreen.storyboard */,
				50A89E831D41AB7200657598 /* Info.plist */,
			);
			path = AddAgent;
			sourceTree = "<group>";
		};
/* End PBXGroup section */

/* Begin PBXNativeTarget section */
		50A89E731D41AB7200657598 /* AddAgent */ = {
			isa = PBXNativeTarget;
			buildConfigurationList = 50A89E861D41AB7200657598 /* Build configuration list for PBXNativeTarget "AddAgent" */;
			buildPhases = (
				50A89E701D41AB7200657598 /* Sources */,
				50A89E711D41AB7200657598 /* Frameworks */,
				50A89E721D41AB7200657598 /* Resources */,
			);
			buildRules = (
			);
			dependencies = (
			);
			name = AddAgent;
			productName = AddAgent;
			productReference = 50A89E741D41AB7200657598 /* AddAgent.app */;
			productType = "com.apple.product-type.application";
		};
/* End PBXNativeTarget section */

/* Begin PBXProject section */
		50A89E6C1D41AB7200657598 /* Project object */ = {
			isa = PBXProject;
			attributes = {
				LastSwiftUpdateCheck = 0730;
				LastUpgradeCheck = 0730;
				ORGANIZATIONNAME = "alex hawley";
				TargetAttributes = {
					50A89E731D41AB7200657598 = {
						CreatedOnToolsVersion = 7.3.1;
					};
				};
			};
			buildConfigurationList = 50A89E6F1D41AB7200657598 /* Build configuration list for PBXProject "AddAgent" */;
			compatibilityVersion = "Xcode 3.2";
			developmentRegion = English;
			hasScannedForEncodings = 0;
			knownRegions = (
				en,
				Base,
			);
			mainGroup = 50A89E6B1D41AB7200657598;
			productRefGroup = 50A89E751D41AB7200657598 /* Products */;
			projectDirPath = "";
			projectRoot = "";
			targets = (
				50A89E731D41AB7200657598 /* AddAgent */,
			);
		};
/* End PBXProject section */

/* Begin PBXResourcesBuildPhase section */
		50A89E721D41AB7200657598 /* Resources */ = {
			isa = PBXResourcesBuildPhase;
			buildActionMask = 2147483647;
			files = (
				50A89E821D41AB7200657598 /* LaunchScreen.storyboard in Resources */,
				50A89E7F1D41AB7200657598 /* Assets.xcassets in Resources */,
				50A89E7D1D41AB7200657598 /* Main.storyboard in Resources */,
			);
			runOnlyForDeploymentPostprocessing = 0;
		};
/* End PBXResourcesBuildPhase section */

/* Begin PBXSourcesBuildPhase section */
		50A89E701D41AB7200657598 /* Sources */ = {
			isa = PBXSourcesBuildPhase;
			buildActionMask = 2147483647;
			files = (
				50A89E7A1D41AB7200657598 /* ViewController.swift in Sources */,
				50A89E781D41AB7200657598 /* AppDelegate.swift in Sources */,
			);
			runOnlyForDeploymentPostprocessing = 0;
		};
/* End PBXSourcesBuildPhase section */

/* Begin PBXVariantGroup section */
		50A89E7B1D41AB7200657598 /* Main.storyboard */ = {
			isa = PBXVariantGroup;
			children = (
				50A89E7C1D41AB7200657598 /* Base */,
			);
			name = Main.storyboard;
			sourceTree = "<group>";
		};
		50A89E801D41AB7200657598 /* LaunchScreen.storyboard */ = {
			isa = PBXVariantGroup;
			children = (
				50A89E811D41AB7200657598 /* Base */,
			);
			name = LaunchScreen.storyboard;
			sourceTree = "<group>";
		};
/* End PBXVariantGroup section */

/* Begin XCBuildConfiguration section */
		50A89E841D41AB7200657598 /* Debug */ = {
			isa = XCBuildConfiguration;
			buildSettings = {
				ALWAYS_SEARCH_USER_PATHS = NO;
				CLANG_ANALYZER_NONNULL = YES;
				CLANG_CXX_LANGUAGE_STANDARD = "gnu++0x";
				CLANG_CXX_LIBRARY = "libc++";
				CLANG_ENABLE_MODULES = YES;
				CLANG_ENABLE_OBJC_ARC = YES;
				CLANG_WARN_BOOL_CONVERSION = YES;
				CLANG_WARN_CONSTANT_CONVERSION = YES;
				CLANG_WARN_DIRECT_OBJC_ISA_USAGE = YES_ERROR;
				CLANG_WARN_EMPTY_BODY = YES;
				CLANG_WARN_ENUM_CONVERSION = YES;
				CLANG_WARN_INT_CONVERSION = YES;
				CLANG_WARN_OBJC_ROOT_CLASS = YES_ERROR;
				CLANG_WARN_UNREACHABLE_CODE = YES;
				CLANG_WARN__DUPLICATE_METHOD_MATCH = YES;
				"CODE_SIGN_IDENTITY[sdk=iphoneos*]" = "iPhone Developer";
				COPY_PHASE_STRIP = NO;
				DEBUG_INFORMATION_FORMAT = dwarf;
				ENABLE_STRICT_OBJC_MSGSEND = YES;
				ENABLE_TESTABILITY = YES;
				GCC_C_LANGUAGE_STANDARD = gnu99;
				GCC_DYNAMIC_NO_PIC = NO;
				GCC_NO_COMMON_BLOCKS = YES;
				GCC_OPTIMIZATION_LEVEL = 0;
				GCC_PREPROCESSOR_DEFINITIONS = (
					"DEBUG=1",
					"$(inherited)",
				);
				GCC_WARN_64_TO_32_BIT_CONVERSION = YES;
				GCC_WARN_ABOUT_RETURN_TYPE = YES_ERROR;
				GCC_WARN_UNDECLARED_SELECTOR = YES;
				GCC_WARN_UNINITIALIZED_AUTOS = YES_AGGRESSIVE;
				GCC_WARN_UNUSED_FUNCTION = YES;
				GCC_WARN_UNUSED_VARIABLE = YES;
				IPHONEOS_DEPLOYMENT_TARGET = 9.3;
				MTL_ENABLE_DEBUG_INFO = YES;
				ONLY_ACTIVE_ARCH = YES;
				SDKROOT = iphoneos;
				SWIFT_OPTIMIZATION_LEVEL = "-Onone";
			};
			name = Debug;
		};
		50A89E851D41AB7200657598 /* Release */ = {
			isa = XCBuildConfiguration;
			buildSettings = {
				ALWAYS_SEARCH_USER_PATHS = NO;
				CLANG_ANALYZER_NONNULL = YES;
				CLANG_CXX_LANGUAGE_STANDARD = "gnu++0x";
				CLANG_CXX_LIBRARY = "libc++";
				CLANG_ENABLE_MODULES = YES;
				CLANG_ENABLE_OBJC_ARC = YES;
				CLANG_WARN_BOOL_CONVERSION = YES;
				CLANG_WARN_CONSTANT_CONVERSION = YES;
				CLANG_WARN_DIRECT_OBJC_ISA_USAGE = YES_ERROR;
				CLANG_WARN_EMPTY_BODY = YES;
				CLANG_WARN_ENUM_CONVERSION = YES;
				CLANG_WARN_INT_CONVERSION = YES;
				CLANG_WARN_OBJC_ROOT_CLASS = YES_ERROR;
				CLANG_WARN_UNREACHABLE_CODE = YES;
				CLANG_WARN__DUPLICATE_METHOD_MATCH = YES;
				"CODE_SIGN_IDENTITY[sdk=iphoneos*]" = "iPhone Developer";
				COPY_PHASE_STRIP = NO;
				DEBUG_INFORMATION_FORMAT = "dwarf-with-dsym";
				ENABLE_NS_ASSERTIONS = NO;
				ENABLE_STRICT_OBJC_MSGSEND = YES;
				GCC_C_LANGUAGE_STANDARD = gnu99;
				GCC_NO_COMMON_BLOCKS = YES;
				GCC_WARN_64_TO_32_BIT_CONVERSION = YES;
				GCC_WARN_ABOUT_RETURN_TYPE = YES_ERROR;
				GCC_WARN_UNDECLARED_SELECTOR = YES;
				GCC_WARN_UNINITIALIZED_AUTOS = YES_AGGRESSIVE;
				GCC_WARN_UNUSED_FUNCTION = YES;
				GCC_WARN_UNUSED_VARIABLE = YES;
				IPHONEOS_DEPLOYMENT_TARGET = 9.3;
				MTL_ENABLE_DEBUG_INFO = NO;
				SDKROOT = iphoneos;
				VALIDATE_PRODUCT = YES;
			};
			name = Release;
		};
		50A89E871D41AB7200657598 /* Debug */ = {
			isa = XCBuildConfiguration;
			buildSettings = {
				ASSETCATALOG_COMPILER_APPICON_NAME = AppIcon;
				INFOPLIST_FILE = AddAgent/Info.plist;
				LD_RUNPATH_SEARCH_PATHS = "$(inherited) @executable_path/Frameworks";
				PRODUCT_BUNDLE_IDENTIFIER = net.alexhawley.AddAgent;
				PRODUCT_NAME = "$(TARGET_NAME)";
			};
			name = Debug;
		};
		50A89E881D41AB7200657598 /* Release */ = {
			isa = XCBuildConfiguration;
			buildSettings = {
				ASSETCATALOG_COMPILER_APPICON_NAME = AppIcon;
				INFOPLIST_FILE = AddAgent/Info.plist;
				LD_RUNPATH_SEARCH_PATHS = "$(inherited) @executable_path/Frameworks";
				PRODUCT_BUNDLE_IDENTIFIER = net.alexhawley.AddAgent;
				PRODUCT_NAME = "$(TARGET_NAME)";
			};
			name = Release;
		};
/* End XCBuildConfiguration section */

/* Begin XCConfigurationList section */
		50A89E6F1D41AB7200657598 /* Build configuration list for PBXProject "AddAgent" */ = {
			isa = XCConfigurationList;
			buildConfigurations = (
				50A89E841D41AB7200657598 /* Debug */,
				50A89E851D41AB7200657598 /* Release */,
			);
			defaultConfigurationIsVisible = 0;
			defaultConfigurationName = Release;
		};
		50A89E861D41AB7200657598 /* Build configuration list for PBXNativeTarget "AddAgent" */ = {
			isa = XCConfigurationList;
			buildConfigurations = (
				50A89E871D41AB7200657598 /* Debug */,
				50A89E881D41AB7200657598 /* Release */,
			);
			defaultConfigurationIsVisible = 0;
		};
/* End XCConfigurationList section */
	};
	rootObject = 50A89E6C1D41AB7200657598 /* Project object */;
}
