// !$*UTF8*$!
{
	archiveVersion = 1;
	classes = {
	};
	objectVersion = 46;
	objects = {

/* Begin PBXBuildFile section */
		50C9F81B1D37231D001AA146 /* AppDelegate.swift in Sources */ = {isa = PBXBuildFile; fileRef = 50C9F81A1D37231D001AA146 /* AppDelegate.swift */; };
		50C9F81D1D37231D001AA146 /* ViewController.swift in Sources */ = {isa = PBXBuildFile; fileRef = 50C9F81C1D37231D001AA146 /* ViewController.swift */; };
		50C9F8201D37231D001AA146 /* Main.storyboard in Resources */ = {isa = PBXBuildFile; fileRef = 50C9F81E1D37231D001AA146 /* Main.storyboard */; };
		50C9F8221D37231D001AA146 /* Assets.xcassets in Resources */ = {isa = PBXBuildFile; fileRef = 50C9F8211D37231D001AA146 /* Assets.xcassets */; };
		50C9F8251D37231D001AA146 /* LaunchScreen.storyboard in Resources */ = {isa = PBXBuildFile; fileRef = 50C9F8231D37231D001AA146 /* LaunchScreen.storyboard */; };
/* End PBXBuildFile section */

/* Begin PBXFileReference section */
		50C9F8171D37231D001AA146 /* SliderProgress.app */ = {isa = PBXFileReference; explicitFileType = wrapper.application; includeInIndex = 0; path = SliderProgress.app; sourceTree = BUILT_PRODUCTS_DIR; };
		50C9F81A1D37231D001AA146 /* AppDelegate.swift */ = {isa = PBXFileReference; lastKnownFileType = sourcecode.swift; path = AppDelegate.swift; sourceTree = "<group>"; };
		50C9F81C1D37231D001AA146 /* ViewController.swift */ = {isa = PBXFileReference; lastKnownFileType = sourcecode.swift; path = ViewController.swift; sourceTree = "<group>"; };
		50C9F81F1D37231D001AA146 /* Base */ = {isa = PBXFileReference; lastKnownFileType = file.storyboard; name = Base; path = Base.lproj/Main.storyboard; sourceTree = "<group>"; };
		50C9F8211D37231D001AA146 /* Assets.xcassets */ = {isa = PBXFileReference; lastKnownFileType = folder.assetcatalog; path = Assets.xcassets; sourceTree = "<group>"; };
		50C9F8241D37231D001AA146 /* Base */ = {isa = PBXFileReference; lastKnownFileType = file.storyboard; name = Base; path = Base.lproj/LaunchScreen.storyboard; sourceTree = "<group>"; };
		50C9F8261D37231D001AA146 /* Info.plist */ = {isa = PBXFileReference; lastKnownFileType = text.plist.xml; path = Info.plist; sourceTree = "<group>"; };
/* End PBXFileReference section */

/* Begin PBXFrameworksBuildPhase section */
		50C9F8141D37231D001AA146 /* Frameworks */ = {
			isa = PBXFrameworksBuildPhase;
			buildActionMask = 2147483647;
			files = (
			);
			runOnlyForDeploymentPostprocessing = 0;
		};
/* End PBXFrameworksBuildPhase section */

/* Begin PBXGroup section */
		50C9F80E1D37231D001AA146 = {
			isa = PBXGroup;
			children = (
				50C9F8191D37231D001AA146 /* SliderProgress */,
				50C9F8181D37231D001AA146 /* Products */,
			);
			sourceTree = "<group>";
		};
		50C9F8181D37231D001AA146 /* Products */ = {
			isa = PBXGroup;
			children = (
				50C9F8171D37231D001AA146 /* SliderProgress.app */,
			);
			name = Products;
			sourceTree = "<group>";
		};
		50C9F8191D37231D001AA146 /* SliderProgress */ = {
			isa = PBXGroup;
			children = (
				50C9F81A1D37231D001AA146 /* AppDelegate.swift */,
				50C9F81C1D37231D001AA146 /* ViewController.swift */,
				50C9F81E1D37231D001AA146 /* Main.storyboard */,
				50C9F8211D37231D001AA146 /* Assets.xcassets */,
				50C9F8231D37231D001AA146 /* LaunchScreen.storyboard */,
				50C9F8261D37231D001AA146 /* Info.plist */,
			);
			path = SliderProgress;
			sourceTree = "<group>";
		};
/* End PBXGroup section */

/* Begin PBXNativeTarget section */
		50C9F8161D37231D001AA146 /* SliderProgress */ = {
			isa = PBXNativeTarget;
			buildConfigurationList = 50C9F8291D37231D001AA146 /* Build configuration list for PBXNativeTarget "SliderProgress" */;
			buildPhases = (
				50C9F8131D37231D001AA146 /* Sources */,
				50C9F8141D37231D001AA146 /* Frameworks */,
				50C9F8151D37231D001AA146 /* Resources */,
			);
			buildRules = (
			);
			dependencies = (
			);
			name = SliderProgress;
			productName = SliderProgress;
			productReference = 50C9F8171D37231D001AA146 /* SliderProgress.app */;
			productType = "com.apple.product-type.application";
		};
/* End PBXNativeTarget section */

/* Begin PBXProject section */
		50C9F80F1D37231D001AA146 /* Project object */ = {
			isa = PBXProject;
			attributes = {
				LastSwiftUpdateCheck = 0730;
				LastUpgradeCheck = 0730;
				ORGANIZATIONNAME = "micheal kent";
				TargetAttributes = {
					50C9F8161D37231D001AA146 = {
						CreatedOnToolsVersion = 7.3.1;
					};
				};
			};
			buildConfigurationList = 50C9F8121D37231D001AA146 /* Build configuration list for PBXProject "SliderProgress" */;
			compatibilityVersion = "Xcode 3.2";
			developmentRegion = English;
			hasScannedForEncodings = 0;
			knownRegions = (
				en,
				Base,
			);
			mainGroup = 50C9F80E1D37231D001AA146;
			productRefGroup = 50C9F8181D37231D001AA146 /* Products */;
			projectDirPath = "";
			projectRoot = "";
			targets = (
				50C9F8161D37231D001AA146 /* SliderProgress */,
			);
		};
/* End PBXProject section */

/* Begin PBXResourcesBuildPhase section */
		50C9F8151D37231D001AA146 /* Resources */ = {
			isa = PBXResourcesBuildPhase;
			buildActionMask = 2147483647;
			files = (
				50C9F8251D37231D001AA146 /* LaunchScreen.storyboard in Resources */,
				50C9F8221D37231D001AA146 /* Assets.xcassets in Resources */,
				50C9F8201D37231D001AA146 /* Main.storyboard in Resources */,
			);
			runOnlyForDeploymentPostprocessing = 0;
		};
/* End PBXResourcesBuildPhase section */

/* Begin PBXSourcesBuildPhase section */
		50C9F8131D37231D001AA146 /* Sources */ = {
			isa = PBXSourcesBuildPhase;
			buildActionMask = 2147483647;
			files = (
				50C9F81D1D37231D001AA146 /* ViewController.swift in Sources */,
				50C9F81B1D37231D001AA146 /* AppDelegate.swift in Sources */,
			);
			runOnlyForDeploymentPostprocessing = 0;
		};
/* End PBXSourcesBuildPhase section */

/* Begin PBXVariantGroup section */
		50C9F81E1D37231D001AA146 /* Main.storyboard */ = {
			isa = PBXVariantGroup;
			children = (
				50C9F81F1D37231D001AA146 /* Base */,
			);
			name = Main.storyboard;
			sourceTree = "<group>";
		};
		50C9F8231D37231D001AA146 /* LaunchScreen.storyboard */ = {
			isa = PBXVariantGroup;
			children = (
				50C9F8241D37231D001AA146 /* Base */,
			);
			name = LaunchScreen.storyboard;
			sourceTree = "<group>";
		};
/* End PBXVariantGroup section */

/* Begin XCBuildConfiguration section */
		50C9F8271D37231D001AA146 /* Debug */ = {
			isa = XCBuildConfiguration;
			buildSettings = {
				ALWAYS_SEARCH_USER_PATHS = NO;
				CLANG_ANALYZER_NONNULL = YES;
				CLANG_CXX_LANGUAGE_STANDARD = "gnu++0x";
				CLANG_CXX_LIBRARY = "libc++";
				CLANG_ENABLE_MODULES = YES;
				CLANG_ENABLE_OBJC_ARC = YES;
				CLANG_WARN_BOOL_CONVERSION = YES;
				CLANG_WARN_CONSTANT_CONVERSION = YES;
				CLANG_WARN_DIRECT_OBJC_ISA_USAGE = YES_ERROR;
				CLANG_WARN_EMPTY_BODY = YES;
				CLANG_WARN_ENUM_CONVERSION = YES;
				CLANG_WARN_INT_CONVERSION = YES;
				CLANG_WARN_OBJC_ROOT_CLASS = YES_ERROR;
				CLANG_WARN_UNREACHABLE_CODE = YES;
				CLANG_WARN__DUPLICATE_METHOD_MATCH = YES;
				"CODE_SIGN_IDENTITY[sdk=iphoneos*]" = "iPhone Developer";
				COPY_PHASE_STRIP = NO;
				DEBUG_INFORMATION_FORMAT = dwarf;
				ENABLE_STRICT_OBJC_MSGSEND = YES;
				ENABLE_TESTABILITY = YES;
				GCC_C_LANGUAGE_STANDARD = gnu99;
				GCC_DYNAMIC_NO_PIC = NO;
				GCC_NO_COMMON_BLOCKS = YES;
				GCC_OPTIMIZATION_LEVEL = 0;
				GCC_PREPROCESSOR_DEFINITIONS = (
					"DEBUG=1",
					"$(inherited)",
				);
				GCC_WARN_64_TO_32_BIT_CONVERSION = YES;
				GCC_WARN_ABOUT_RETURN_TYPE = YES_ERROR;
				GCC_WARN_UNDECLARED_SELECTOR = YES;
				GCC_WARN_UNINITIALIZED_AUTOS = YES_AGGRESSIVE;
				GCC_WARN_UNUSED_FUNCTION = YES;
				GCC_WARN_UNUSED_VARIABLE = YES;
				IPHONEOS_DEPLOYMENT_TARGET = 9.3;
				MTL_ENABLE_DEBUG_INFO = YES;
				ONLY_ACTIVE_ARCH = YES;
				SDKROOT = iphoneos;
				SWIFT_OPTIMIZATION_LEVEL = "-Onone";
			};
			name = Debug;
		};
		50C9F8281D37231D001AA146 /* Release */ = {
			isa = XCBuildConfiguration;
			buildSettings = {
				ALWAYS_SEARCH_USER_PATHS = NO;
				CLANG_ANALYZER_NONNULL = YES;
				CLANG_CXX_LANGUAGE_STANDARD = "gnu++0x";
				CLANG_CXX_LIBRARY = "libc++";
				CLANG_ENABLE_MODULES = YES;
				CLANG_ENABLE_OBJC_ARC = YES;
				CLANG_WARN_BOOL_CONVERSION = YES;
				CLANG_WARN_CONSTANT_CONVERSION = YES;
				CLANG_WARN_DIRECT_OBJC_ISA_USAGE = YES_ERROR;
				CLANG_WARN_EMPTY_BODY = YES;
				CLANG_WARN_ENUM_CONVERSION = YES;
				CLANG_WARN_INT_CONVERSION = YES;
				CLANG_WARN_OBJC_ROOT_CLASS = YES_ERROR;
				CLANG_WARN_UNREACHABLE_CODE = YES;
				CLANG_WARN__DUPLICATE_METHOD_MATCH = YES;
				"CODE_SIGN_IDENTITY[sdk=iphoneos*]" = "iPhone Developer";
				COPY_PHASE_STRIP = NO;
				DEBUG_INFORMATION_FORMAT = "dwarf-with-dsym";
				ENABLE_NS_ASSERTIONS = NO;
				ENABLE_STRICT_OBJC_MSGSEND = YES;
				GCC_C_LANGUAGE_STANDARD = gnu99;
				GCC_NO_COMMON_BLOCKS = YES;
				GCC_WARN_64_TO_32_BIT_CONVERSION = YES;
				GCC_WARN_ABOUT_RETURN_TYPE = YES_ERROR;
				GCC_WARN_UNDECLARED_SELECTOR = YES;
				GCC_WARN_UNINITIALIZED_AUTOS = YES_AGGRESSIVE;
				GCC_WARN_UNUSED_FUNCTION = YES;
				GCC_WARN_UNUSED_VARIABLE = YES;
				IPHONEOS_DEPLOYMENT_TARGET = 9.3;
				MTL_ENABLE_DEBUG_INFO = NO;
				SDKROOT = iphoneos;
				VALIDATE_PRODUCT = YES;
			};
			name = Release;
		};
		50C9F82A1D37231D001AA146 /* Debug */ = {
			isa = XCBuildConfiguration;
			buildSettings = {
				ASSETCATALOG_COMPILER_APPICON_NAME = AppIcon;
				INFOPLIST_FILE = SliderProgress/Info.plist;
				LD_RUNPATH_SEARCH_PATHS = "$(inherited) @executable_path/Frameworks";
				PRODUCT_BUNDLE_IDENTIFIER = net.alexhawley.SliderProgress;
				PRODUCT_NAME = "$(TARGET_NAME)";
			};
			name = Debug;
		};
		50C9F82B1D37231D001AA146 /* Release */ = {
			isa = XCBuildConfiguration;
			buildSettings = {
				ASSETCATALOG_COMPILER_APPICON_NAME = AppIcon;
				INFOPLIST_FILE = SliderProgress/Info.plist;
				LD_RUNPATH_SEARCH_PATHS = "$(inherited) @executable_path/Frameworks";
				PRODUCT_BUNDLE_IDENTIFIER = net.alexhawley.SliderProgress;
				PRODUCT_NAME = "$(TARGET_NAME)";
			};
			name = Release;
		};
/* End XCBuildConfiguration section */

/* Begin XCConfigurationList section */
		50C9F8121D37231D001AA146 /* Build configuration list for PBXProject "SliderProgress" */ = {
			isa = XCConfigurationList;
			buildConfigurations = (
				50C9F8271D37231D001AA146 /* Debug */,
				50C9F8281D37231D001AA146 /* Release */,
			);
			defaultConfigurationIsVisible = 0;
			defaultConfigurationName = Release;
		};
		50C9F8291D37231D001AA146 /* Build configuration list for PBXNativeTarget "SliderProgress" */ = {
			isa = XCConfigurationList;
			buildConfigurations = (
				50C9F82A1D37231D001AA146 /* Debug */,
				50C9F82B1D37231D001AA146 /* Release */,
			);
			defaultConfigurationIsVisible = 0;
		};
/* End XCConfigurationList section */
	};
	rootObject = 50C9F80F1D37231D001AA146 /* Project object */;
}
