// !$*UTF8*$!
{
	archiveVersion = 1;
	classes = {
	};
	objectVersion = 46;
	objects = {

/* Begin PBXBuildFile section */
		50C144801D3DDF4A009F29EC /* AppDelegate.swift in Sources */ = {isa = PBXBuildFile; fileRef = 50C1447F1D3DDF4A009F29EC /* AppDelegate.swift */; };
		50C144851D3DDF4A009F29EC /* Main.storyboard in Resources */ = {isa = PBXBuildFile; fileRef = 50C144831D3DDF4A009F29EC /* Main.storyboard */; };
		50C144871D3DDF4A009F29EC /* Assets.xcassets in Resources */ = {isa = PBXBuildFile; fileRef = 50C144861D3DDF4A009F29EC /* Assets.xcassets */; };
		50C1448A1D3DDF4A009F29EC /* LaunchScreen.storyboard in Resources */ = {isa = PBXBuildFile; fileRef = 50C144881D3DDF4A009F29EC /* LaunchScreen.storyboard */; };
		50C144921D3DE00B009F29EC /* TableViewController.swift in Sources */ = {isa = PBXBuildFile; fileRef = 50C144911D3DE00B009F29EC /* TableViewController.swift */; };
/* End PBXBuildFile section */

/* Begin PBXFileReference section */
		50C1447C1D3DDF4A009F29EC /* PropsView7.app */ = {isa = PBXFileReference; explicitFileType = wrapper.application; includeInIndex = 0; path = PropsView7.app; sourceTree = BUILT_PRODUCTS_DIR; };
		50C1447F1D3DDF4A009F29EC /* AppDelegate.swift */ = {isa = PBXFileReference; lastKnownFileType = sourcecode.swift; path = AppDelegate.swift; sourceTree = "<group>"; };
		50C144841D3DDF4A009F29EC /* Base */ = {isa = PBXFileReference; lastKnownFileType = file.storyboard; name = Base; path = Base.lproj/Main.storyboard; sourceTree = "<group>"; };
		50C144861D3DDF4A009F29EC /* Assets.xcassets */ = {isa = PBXFileReference; lastKnownFileType = folder.assetcatalog; path = Assets.xcassets; sourceTree = "<group>"; };
		50C144891D3DDF4A009F29EC /* Base */ = {isa = PBXFileReference; lastKnownFileType = file.storyboard; name = Base; path = Base.lproj/LaunchScreen.storyboard; sourceTree = "<group>"; };
		50C1448B1D3DDF4A009F29EC /* Info.plist */ = {isa = PBXFileReference; lastKnownFileType = text.plist.xml; path = Info.plist; sourceTree = "<group>"; };
		50C144911D3DE00B009F29EC /* TableViewController.swift */ = {isa = PBXFileReference; fileEncoding = 4; lastKnownFileType = sourcecode.swift; path = TableViewController.swift; sourceTree = "<group>"; };
/* End PBXFileReference section */

/* Begin PBXFrameworksBuildPhase section */
		50C144791D3DDF4A009F29EC /* Frameworks */ = {
			isa = PBXFrameworksBuildPhase;
			buildActionMask = 2147483647;
			files = (
			);
			runOnlyForDeploymentPostprocessing = 0;
		};
/* End PBXFrameworksBuildPhase section */

/* Begin PBXGroup section */
		50C144731D3DDF4A009F29EC = {
			isa = PBXGroup;
			children = (
				50C1447E1D3DDF4A009F29EC /* PropsView7 */,
				50C1447D1D3DDF4A009F29EC /* Products */,
			);
			sourceTree = "<group>";
		};
		50C1447D1D3DDF4A009F29EC /* Products */ = {
			isa = PBXGroup;
			children = (
				50C1447C1D3DDF4A009F29EC /* PropsView7.app */,
			);
			name = Products;
			sourceTree = "<group>";
		};
		50C1447E1D3DDF4A009F29EC /* PropsView7 */ = {
			isa = PBXGroup;
			children = (
				50C1447F1D3DDF4A009F29EC /* AppDelegate.swift */,
				50C144831D3DDF4A009F29EC /* Main.storyboard */,
				50C144861D3DDF4A009F29EC /* Assets.xcassets */,
				50C144881D3DDF4A009F29EC /* LaunchScreen.storyboard */,
				50C1448B1D3DDF4A009F29EC /* Info.plist */,
				50C144911D3DE00B009F29EC /* TableViewController.swift */,
			);
			path = PropsView7;
			sourceTree = "<group>";
		};
/* End PBXGroup section */

/* Begin PBXNativeTarget section */
		50C1447B1D3DDF4A009F29EC /* PropsView7 */ = {
			isa = PBXNativeTarget;
			buildConfigurationList = 50C1448E1D3DDF4A009F29EC /* Build configuration list for PBXNativeTarget "PropsView7" */;
			buildPhases = (
				50C144781D3DDF4A009F29EC /* Sources */,
				50C144791D3DDF4A009F29EC /* Frameworks */,
				50C1447A1D3DDF4A009F29EC /* Resources */,
			);
			buildRules = (
			);
			dependencies = (
			);
			name = PropsView7;
			productName = PropsView7;
			productReference = 50C1447C1D3DDF4A009F29EC /* PropsView7.app */;
			productType = "com.apple.product-type.application";
		};
/* End PBXNativeTarget section */

/* Begin PBXProject section */
		50C144741D3DDF4A009F29EC /* Project object */ = {
			isa = PBXProject;
			attributes = {
				LastSwiftUpdateCheck = 0730;
				LastUpgradeCheck = 0730;
				ORGANIZATIONNAME = "alex hawley";
				TargetAttributes = {
					50C1447B1D3DDF4A009F29EC = {
						CreatedOnToolsVersion = 7.3.1;
					};
				};
			};
			buildConfigurationList = 50C144771D3DDF4A009F29EC /* Build configuration list for PBXProject "PropsView7" */;
			compatibilityVersion = "Xcode 3.2";
			developmentRegion = English;
			hasScannedForEncodings = 0;
			knownRegions = (
				en,
				Base,
			);
			mainGroup = 50C144731D3DDF4A009F29EC;
			productRefGroup = 50C1447D1D3DDF4A009F29EC /* Products */;
			projectDirPath = "";
			projectRoot = "";
			targets = (
				50C1447B1D3DDF4A009F29EC /* PropsView7 */,
			);
		};
/* End PBXProject section */

/* Begin PBXResourcesBuildPhase section */
		50C1447A1D3DDF4A009F29EC /* Resources */ = {
			isa = PBXResourcesBuildPhase;
			buildActionMask = 2147483647;
			files = (
				50C1448A1D3DDF4A009F29EC /* LaunchScreen.storyboard in Resources */,
				50C144871D3DDF4A009F29EC /* Assets.xcassets in Resources */,
				50C144851D3DDF4A009F29EC /* Main.storyboard in Resources */,
			);
			runOnlyForDeploymentPostprocessing = 0;
		};
/* End PBXResourcesBuildPhase section */

/* Begin PBXSourcesBuildPhase section */
		50C144781D3DDF4A009F29EC /* Sources */ = {
			isa = PBXSourcesBuildPhase;
			buildActionMask = 2147483647;
			files = (
				50C144801D3DDF4A009F29EC /* AppDelegate.swift in Sources */,
				50C144921D3DE00B009F29EC /* TableViewController.swift in Sources */,
			);
			runOnlyForDeploymentPostprocessing = 0;
		};
/* End PBXSourcesBuildPhase section */

/* Begin PBXVariantGroup section */
		50C144831D3DDF4A009F29EC /* Main.storyboard */ = {
			isa = PBXVariantGroup;
			children = (
				50C144841D3DDF4A009F29EC /* Base */,
			);
			name = Main.storyboard;
			sourceTree = "<group>";
		};
		50C144881D3DDF4A009F29EC /* LaunchScreen.storyboard */ = {
			isa = PBXVariantGroup;
			children = (
				50C144891D3DDF4A009F29EC /* Base */,
			);
			name = LaunchScreen.storyboard;
			sourceTree = "<group>";
		};
/* End PBXVariantGroup section */

/* Begin XCBuildConfiguration section */
		50C1448C1D3DDF4A009F29EC /* Debug */ = {
			isa = XCBuildConfiguration;
			buildSettings = {
				ALWAYS_SEARCH_USER_PATHS = NO;
				CLANG_ANALYZER_NONNULL = YES;
				CLANG_CXX_LANGUAGE_STANDARD = "gnu++0x";
				CLANG_CXX_LIBRARY = "libc++";
				CLANG_ENABLE_MODULES = YES;
				CLANG_ENABLE_OBJC_ARC = YES;
				CLANG_WARN_BOOL_CONVERSION = YES;
				CLANG_WARN_CONSTANT_CONVERSION = YES;
				CLANG_WARN_DIRECT_OBJC_ISA_USAGE = YES_ERROR;
				CLANG_WARN_EMPTY_BODY = YES;
				CLANG_WARN_ENUM_CONVERSION = YES;
				CLANG_WARN_INT_CONVERSION = YES;
				CLANG_WARN_OBJC_ROOT_CLASS = YES_ERROR;
				CLANG_WARN_UNREACHABLE_CODE = YES;
				CLANG_WARN__DUPLICATE_METHOD_MATCH = YES;
				"CODE_SIGN_IDENTITY[sdk=iphoneos*]" = "iPhone Developer";
				COPY_PHASE_STRIP = NO;
				DEBUG_INFORMATION_FORMAT = dwarf;
				ENABLE_STRICT_OBJC_MSGSEND = YES;
				ENABLE_TESTABILITY = YES;
				GCC_C_LANGUAGE_STANDARD = gnu99;
				GCC_DYNAMIC_NO_PIC = NO;
				GCC_NO_COMMON_BLOCKS = YES;
				GCC_OPTIMIZATION_LEVEL = 0;
				GCC_PREPROCESSOR_DEFINITIONS = (
					"DEBUG=1",
					"$(inherited)",
				);
				GCC_WARN_64_TO_32_BIT_CONVERSION = YES;
				GCC_WARN_ABOUT_RETURN_TYPE = YES_ERROR;
				GCC_WARN_UNDECLARED_SELECTOR = YES;
				GCC_WARN_UNINITIALIZED_AUTOS = YES_AGGRESSIVE;
				GCC_WARN_UNUSED_FUNCTION = YES;
				GCC_WARN_UNUSED_VARIABLE = YES;
				IPHONEOS_DEPLOYMENT_TARGET = 9.3;
				MTL_ENABLE_DEBUG_INFO = YES;
				ONLY_ACTIVE_ARCH = YES;
				SDKROOT = iphoneos;
				SWIFT_OPTIMIZATION_LEVEL = "-Onone";
			};
			name = Debug;
		};
		50C1448D1D3DDF4A009F29EC /* Release */ = {
			isa = XCBuildConfiguration;
			buildSettings = {
				ALWAYS_SEARCH_USER_PATHS = NO;
				CLANG_ANALYZER_NONNULL = YES;
				CLANG_CXX_LANGUAGE_STANDARD = "gnu++0x";
				CLANG_CXX_LIBRARY = "libc++";
				CLANG_ENABLE_MODULES = YES;
				CLANG_ENABLE_OBJC_ARC = YES;
				CLANG_WARN_BOOL_CONVERSION = YES;
				CLANG_WARN_CONSTANT_CONVERSION = YES;
				CLANG_WARN_DIRECT_OBJC_ISA_USAGE = YES_ERROR;
				CLANG_WARN_EMPTY_BODY = YES;
				CLANG_WARN_ENUM_CONVERSION = YES;
				CLANG_WARN_INT_CONVERSION = YES;
				CLANG_WARN_OBJC_ROOT_CLASS = YES_ERROR;
				CLANG_WARN_UNREACHABLE_CODE = YES;
				CLANG_WARN__DUPLICATE_METHOD_MATCH = YES;
				"CODE_SIGN_IDENTITY[sdk=iphoneos*]" = "iPhone Developer";
				COPY_PHASE_STRIP = NO;
				DEBUG_INFORMATION_FORMAT = "dwarf-with-dsym";
				ENABLE_NS_ASSERTIONS = NO;
				ENABLE_STRICT_OBJC_MSGSEND = YES;
				GCC_C_LANGUAGE_STANDARD = gnu99;
				GCC_NO_COMMON_BLOCKS = YES;
				GCC_WARN_64_TO_32_BIT_CONVERSION = YES;
				GCC_WARN_ABOUT_RETURN_TYPE = YES_ERROR;
				GCC_WARN_UNDECLARED_SELECTOR = YES;
				GCC_WARN_UNINITIALIZED_AUTOS = YES_AGGRESSIVE;
				GCC_WARN_UNUSED_FUNCTION = YES;
				GCC_WARN_UNUSED_VARIABLE = YES;
				IPHONEOS_DEPLOYMENT_TARGET = 9.3;
				MTL_ENABLE_DEBUG_INFO = NO;
				SDKROOT = iphoneos;
				VALIDATE_PRODUCT = YES;
			};
			name = Release;
		};
		50C1448F1D3DDF4A009F29EC /* Debug */ = {
			isa = XCBuildConfiguration;
			buildSettings = {
				ASSETCATALOG_COMPILER_APPICON_NAME = AppIcon;
				INFOPLIST_FILE = PropsView7/Info.plist;
				LD_RUNPATH_SEARCH_PATHS = "$(inherited) @executable_path/Frameworks";
				PRODUCT_BUNDLE_IDENTIFIER = net.alexhawley.PropsView7;
				PRODUCT_NAME = "$(TARGET_NAME)";
			};
			name = Debug;
		};
		50C144901D3DDF4A009F29EC /* Release */ = {
			isa = XCBuildConfiguration;
			buildSettings = {
				ASSETCATALOG_COMPILER_APPICON_NAME = AppIcon;
				INFOPLIST_FILE = PropsView7/Info.plist;
				LD_RUNPATH_SEARCH_PATHS = "$(inherited) @executable_path/Frameworks";
				PRODUCT_BUNDLE_IDENTIFIER = net.alexhawley.PropsView7;
				PRODUCT_NAME = "$(TARGET_NAME)";
			};
			name = Release;
		};
/* End XCBuildConfiguration section */

/* Begin XCConfigurationList section */
		50C144771D3DDF4A009F29EC /* Build configuration list for PBXProject "PropsView7" */ = {
			isa = XCConfigurationList;
			buildConfigurations = (
				50C1448C1D3DDF4A009F29EC /* Debug */,
				50C1448D1D3DDF4A009F29EC /* Release */,
			);
			defaultConfigurationIsVisible = 0;
			defaultConfigurationName = Release;
		};
		50C1448E1D3DDF4A009F29EC /* Build configuration list for PBXNativeTarget "PropsView7" */ = {
			isa = XCConfigurationList;
			buildConfigurations = (
				50C1448F1D3DDF4A009F29EC /* Debug */,
				50C144901D3DDF4A009F29EC /* Release */,
			);
			defaultConfigurationIsVisible = 0;
		};
/* End XCConfigurationList section */
	};
	rootObject = 50C144741D3DDF4A009F29EC /* Project object */;
}
