// !$*UTF8*$!
{
	archiveVersion = 1;
	classes = {
	};
	objectVersion = 46;
	objects = {

/* Begin PBXBuildFile section */
		506F55061D3C4516005ACF75 /* AppDelegate.swift in Sources */ = {isa = PBXBuildFile; fileRef = 506F55051D3C4516005ACF75 /* AppDelegate.swift */; };
		506F55081D3C4516005ACF75 /* ViewController.swift in Sources */ = {isa = PBXBuildFile; fileRef = 506F55071D3C4516005ACF75 /* ViewController.swift */; };
		506F550B1D3C4516005ACF75 /* Main.storyboard in Resources */ = {isa = PBXBuildFile; fileRef = 506F55091D3C4516005ACF75 /* Main.storyboard */; };
		506F550D1D3C4516005ACF75 /* Assets.xcassets in Resources */ = {isa = PBXBuildFile; fileRef = 506F550C1D3C4516005ACF75 /* Assets.xcassets */; };
		506F55101D3C4516005ACF75 /* LaunchScreen.storyboard in Resources */ = {isa = PBXBuildFile; fileRef = 506F550E1D3C4516005ACF75 /* LaunchScreen.storyboard */; };
/* End PBXBuildFile section */

/* Begin PBXFileReference section */
		506F55021D3C4516005ACF75 /* ViewHierarchy.app */ = {isa = PBXFileReference; explicitFileType = wrapper.application; includeInIndex = 0; path = ViewHierarchy.app; sourceTree = BUILT_PRODUCTS_DIR; };
		506F55051D3C4516005ACF75 /* AppDelegate.swift */ = {isa = PBXFileReference; lastKnownFileType = sourcecode.swift; path = AppDelegate.swift; sourceTree = "<group>"; };
		506F55071D3C4516005ACF75 /* ViewController.swift */ = {isa = PBXFileReference; lastKnownFileType = sourcecode.swift; path = ViewController.swift; sourceTree = "<group>"; };
		506F550A1D3C4516005ACF75 /* Base */ = {isa = PBXFileReference; lastKnownFileType = file.storyboard; name = Base; path = Base.lproj/Main.storyboard; sourceTree = "<group>"; };
		506F550C1D3C4516005ACF75 /* Assets.xcassets */ = {isa = PBXFileReference; lastKnownFileType = folder.assetcatalog; path = Assets.xcassets; sourceTree = "<group>"; };
		506F550F1D3C4516005ACF75 /* Base */ = {isa = PBXFileReference; lastKnownFileType = file.storyboard; name = Base; path = Base.lproj/LaunchScreen.storyboard; sourceTree = "<group>"; };
		506F55111D3C4516005ACF75 /* Info.plist */ = {isa = PBXFileReference; lastKnownFileType = text.plist.xml; path = Info.plist; sourceTree = "<group>"; };
/* End PBXFileReference section */

/* Begin PBXFrameworksBuildPhase section */
		506F54FF1D3C4516005ACF75 /* Frameworks */ = {
			isa = PBXFrameworksBuildPhase;
			buildActionMask = 2147483647;
			files = (
			);
			runOnlyForDeploymentPostprocessing = 0;
		};
/* End PBXFrameworksBuildPhase section */

/* Begin PBXGroup section */
		506F54F91D3C4516005ACF75 = {
			isa = PBXGroup;
			children = (
				506F55041D3C4516005ACF75 /* ViewHierarchy */,
				506F55031D3C4516005ACF75 /* Products */,
			);
			sourceTree = "<group>";
		};
		506F55031D3C4516005ACF75 /* Products */ = {
			isa = PBXGroup;
			children = (
				506F55021D3C4516005ACF75 /* ViewHierarchy.app */,
			);
			name = Products;
			sourceTree = "<group>";
		};
		506F55041D3C4516005ACF75 /* ViewHierarchy */ = {
			isa = PBXGroup;
			children = (
				506F55051D3C4516005ACF75 /* AppDelegate.swift */,
				506F55071D3C4516005ACF75 /* ViewController.swift */,
				506F55091D3C4516005ACF75 /* Main.storyboard */,
				506F550C1D3C4516005ACF75 /* Assets.xcassets */,
				506F550E1D3C4516005ACF75 /* LaunchScreen.storyboard */,
				506F55111D3C4516005ACF75 /* Info.plist */,
			);
			path = ViewHierarchy;
			sourceTree = "<group>";
		};
/* End PBXGroup section */

/* Begin PBXNativeTarget section */
		506F55011D3C4516005ACF75 /* ViewHierarchy */ = {
			isa = PBXNativeTarget;
			buildConfigurationList = 506F55141D3C4516005ACF75 /* Build configuration list for PBXNativeTarget "ViewHierarchy" */;
			buildPhases = (
				506F54FE1D3C4516005ACF75 /* Sources */,
				506F54FF1D3C4516005ACF75 /* Frameworks */,
				506F55001D3C4516005ACF75 /* Resources */,
			);
			buildRules = (
			);
			dependencies = (
			);
			name = ViewHierarchy;
			productName = ViewHierarchy;
			productReference = 506F55021D3C4516005ACF75 /* ViewHierarchy.app */;
			productType = "com.apple.product-type.application";
		};
/* End PBXNativeTarget section */

/* Begin PBXProject section */
		506F54FA1D3C4516005ACF75 /* Project object */ = {
			isa = PBXProject;
			attributes = {
				LastSwiftUpdateCheck = 0730;
				LastUpgradeCheck = 0730;
				ORGANIZATIONNAME = "alex hawley";
				TargetAttributes = {
					506F55011D3C4516005ACF75 = {
						CreatedOnToolsVersion = 7.3.1;
					};
				};
			};
			buildConfigurationList = 506F54FD1D3C4516005ACF75 /* Build configuration list for PBXProject "ViewHierarchy" */;
			compatibilityVersion = "Xcode 3.2";
			developmentRegion = English;
			hasScannedForEncodings = 0;
			knownRegions = (
				en,
				Base,
			);
			mainGroup = 506F54F91D3C4516005ACF75;
			productRefGroup = 506F55031D3C4516005ACF75 /* Products */;
			projectDirPath = "";
			projectRoot = "";
			targets = (
				506F55011D3C4516005ACF75 /* ViewHierarchy */,
			);
		};
/* End PBXProject section */

/* Begin PBXResourcesBuildPhase section */
		506F55001D3C4516005ACF75 /* Resources */ = {
			isa = PBXResourcesBuildPhase;
			buildActionMask = 2147483647;
			files = (
				506F55101D3C4516005ACF75 /* LaunchScreen.storyboard in Resources */,
				506F550D1D3C4516005ACF75 /* Assets.xcassets in Resources */,
				506F550B1D3C4516005ACF75 /* Main.storyboard in Resources */,
			);
			runOnlyForDeploymentPostprocessing = 0;
		};
/* End PBXResourcesBuildPhase section */

/* Begin PBXSourcesBuildPhase section */
		506F54FE1D3C4516005ACF75 /* Sources */ = {
			isa = PBXSourcesBuildPhase;
			buildActionMask = 2147483647;
			files = (
				506F55081D3C4516005ACF75 /* ViewController.swift in Sources */,
				506F55061D3C4516005ACF75 /* AppDelegate.swift in Sources */,
			);
			runOnlyForDeploymentPostprocessing = 0;
		};
/* End PBXSourcesBuildPhase section */

/* Begin PBXVariantGroup section */
		506F55091D3C4516005ACF75 /* Main.storyboard */ = {
			isa = PBXVariantGroup;
			children = (
				506F550A1D3C4516005ACF75 /* Base */,
			);
			name = Main.storyboard;
			sourceTree = "<group>";
		};
		506F550E1D3C4516005ACF75 /* LaunchScreen.storyboard */ = {
			isa = PBXVariantGroup;
			children = (
				506F550F1D3C4516005ACF75 /* Base */,
			);
			name = LaunchScreen.storyboard;
			sourceTree = "<group>";
		};
/* End PBXVariantGroup section */

/* Begin XCBuildConfiguration section */
		506F55121D3C4516005ACF75 /* Debug */ = {
			isa = XCBuildConfiguration;
			buildSettings = {
				ALWAYS_SEARCH_USER_PATHS = NO;
				CLANG_ANALYZER_NONNULL = YES;
				CLANG_CXX_LANGUAGE_STANDARD = "gnu++0x";
				CLANG_CXX_LIBRARY = "libc++";
				CLANG_ENABLE_MODULES = YES;
				CLANG_ENABLE_OBJC_ARC = YES;
				CLANG_WARN_BOOL_CONVERSION = YES;
				CLANG_WARN_CONSTANT_CONVERSION = YES;
				CLANG_WARN_DIRECT_OBJC_ISA_USAGE = YES_ERROR;
				CLANG_WARN_EMPTY_BODY = YES;
				CLANG_WARN_ENUM_CONVERSION = YES;
				CLANG_WARN_INT_CONVERSION = YES;
				CLANG_WARN_OBJC_ROOT_CLASS = YES_ERROR;
				CLANG_WARN_UNREACHABLE_CODE = YES;
				CLANG_WARN__DUPLICATE_METHOD_MATCH = YES;
				"CODE_SIGN_IDENTITY[sdk=iphoneos*]" = "iPhone Developer";
				COPY_PHASE_STRIP = NO;
				DEBUG_INFORMATION_FORMAT = dwarf;
				ENABLE_STRICT_OBJC_MSGSEND = YES;
				ENABLE_TESTABILITY = YES;
				GCC_C_LANGUAGE_STANDARD = gnu99;
				GCC_DYNAMIC_NO_PIC = NO;
				GCC_NO_COMMON_BLOCKS = YES;
				GCC_OPTIMIZATION_LEVEL = 0;
				GCC_PREPROCESSOR_DEFINITIONS = (
					"DEBUG=1",
					"$(inherited)",
				);
				GCC_WARN_64_TO_32_BIT_CONVERSION = YES;
				GCC_WARN_ABOUT_RETURN_TYPE = YES_ERROR;
				GCC_WARN_UNDECLARED_SELECTOR = YES;
				GCC_WARN_UNINITIALIZED_AUTOS = YES_AGGRESSIVE;
				GCC_WARN_UNUSED_FUNCTION = YES;
				GCC_WARN_UNUSED_VARIABLE = YES;
				IPHONEOS_DEPLOYMENT_TARGET = 9.3;
				MTL_ENABLE_DEBUG_INFO = YES;
				ONLY_ACTIVE_ARCH = YES;
				SDKROOT = iphoneos;
				SWIFT_OPTIMIZATION_LEVEL = "-Onone";
			};
			name = Debug;
		};
		506F55131D3C4516005ACF75 /* Release */ = {
			isa = XCBuildConfiguration;
			buildSettings = {
				ALWAYS_SEARCH_USER_PATHS = NO;
				CLANG_ANALYZER_NONNULL = YES;
				CLANG_CXX_LANGUAGE_STANDARD = "gnu++0x";
				CLANG_CXX_LIBRARY = "libc++";
				CLANG_ENABLE_MODULES = YES;
				CLANG_ENABLE_OBJC_ARC = YES;
				CLANG_WARN_BOOL_CONVERSION = YES;
				CLANG_WARN_CONSTANT_CONVERSION = YES;
				CLANG_WARN_DIRECT_OBJC_ISA_USAGE = YES_ERROR;
				CLANG_WARN_EMPTY_BODY = YES;
				CLANG_WARN_ENUM_CONVERSION = YES;
				CLANG_WARN_INT_CONVERSION = YES;
				CLANG_WARN_OBJC_ROOT_CLASS = YES_ERROR;
				CLANG_WARN_UNREACHABLE_CODE = YES;
				CLANG_WARN__DUPLICATE_METHOD_MATCH = YES;
				"CODE_SIGN_IDENTITY[sdk=iphoneos*]" = "iPhone Developer";
				COPY_PHASE_STRIP = NO;
				DEBUG_INFORMATION_FORMAT = "dwarf-with-dsym";
				ENABLE_NS_ASSERTIONS = NO;
				ENABLE_STRICT_OBJC_MSGSEND = YES;
				GCC_C_LANGUAGE_STANDARD = gnu99;
				GCC_NO_COMMON_BLOCKS = YES;
				GCC_WARN_64_TO_32_BIT_CONVERSION = YES;
				GCC_WARN_ABOUT_RETURN_TYPE = YES_ERROR;
				GCC_WARN_UNDECLARED_SELECTOR = YES;
				GCC_WARN_UNINITIALIZED_AUTOS = YES_AGGRESSIVE;
				GCC_WARN_UNUSED_FUNCTION = YES;
				GCC_WARN_UNUSED_VARIABLE = YES;
				IPHONEOS_DEPLOYMENT_TARGET = 9.3;
				MTL_ENABLE_DEBUG_INFO = NO;
				SDKROOT = iphoneos;
				VALIDATE_PRODUCT = YES;
			};
			name = Release;
		};
		506F55151D3C4516005ACF75 /* Debug */ = {
			isa = XCBuildConfiguration;
			buildSettings = {
				ASSETCATALOG_COMPILER_APPICON_NAME = AppIcon;
				INFOPLIST_FILE = ViewHierarchy/Info.plist;
				LD_RUNPATH_SEARCH_PATHS = "$(inherited) @executable_path/Frameworks";
				PRODUCT_BUNDLE_IDENTIFIER = net.alexhawley.ViewHierarchy;
				PRODUCT_NAME = "$(TARGET_NAME)";
			};
			name = Debug;
		};
		506F55161D3C4516005ACF75 /* Release */ = {
			isa = XCBuildConfiguration;
			buildSettings = {
				ASSETCATALOG_COMPILER_APPICON_NAME = AppIcon;
				INFOPLIST_FILE = ViewHierarchy/Info.plist;
				LD_RUNPATH_SEARCH_PATHS = "$(inherited) @executable_path/Frameworks";
				PRODUCT_BUNDLE_IDENTIFIER = net.alexhawley.ViewHierarchy;
				PRODUCT_NAME = "$(TARGET_NAME)";
			};
			name = Release;
		};
/* End XCBuildConfiguration section */

/* Begin XCConfigurationList section */
		506F54FD1D3C4516005ACF75 /* Build configuration list for PBXProject "ViewHierarchy" */ = {
			isa = XCConfigurationList;
			buildConfigurations = (
				506F55121D3C4516005ACF75 /* Debug */,
				506F55131D3C4516005ACF75 /* Release */,
			);
			defaultConfigurationIsVisible = 0;
			defaultConfigurationName = Release;
		};
		506F55141D3C4516005ACF75 /* Build configuration list for PBXNativeTarget "ViewHierarchy" */ = {
			isa = XCConfigurationList;
			buildConfigurations = (
				506F55151D3C4516005ACF75 /* Debug */,
				506F55161D3C4516005ACF75 /* Release */,
			);
			defaultConfigurationIsVisible = 0;
		};
/* End XCConfigurationList section */
	};
	rootObject = 506F54FA1D3C4516005ACF75 /* Project object */;
}
